// !$*UTF8*$!
{
	archiveVersion = 1;
	classes = {
	};
	objectVersion = 55;
	objects = {

/* Begin PBXBuildFile section */
		3262DC252882DA8C007C6103 /* SearchViewController.swift in Sources */ = {isa = PBXBuildFile; fileRef = 3262DC242882DA8C007C6103 /* SearchViewController.swift */; };
		3278706928819A7F00519A2A /* Search.storyboard in Resources */ = {isa = PBXBuildFile; fileRef = 3278706828819A7F00519A2A /* Search.storyboard */; };
		3286D8762887F40200E9154A /* WeeklyCalendarCell.swift in Sources */ = {isa = PBXBuildFile; fileRef = 3286D8752887F40200E9154A /* WeeklyCalendarCell.swift */; };
		32CF35DA28830E9A00665186 /* CategoryCell.swift in Sources */ = {isa = PBXBuildFile; fileRef = 32CF35D928830E9A00665186 /* CategoryCell.swift */; };
		32CF35DC28830EAB00665186 /* EventCell.swift in Sources */ = {isa = PBXBuildFile; fileRef = 32CF35DB28830EAB00665186 /* EventCell.swift */; };
		4D51F2322885B72100CB8FD0 /* ModalCalendarViewController.swift in Sources */ = {isa = PBXBuildFile; fileRef = 4D51F2312885B72100CB8FD0 /* ModalCalendarViewController.swift */; };
		4D9F018828862FE100300DB8 /* SetKeywordViewController.swift in Sources */ = {isa = PBXBuildFile; fileRef = 4D9F018728862FE100300DB8 /* SetKeywordViewController.swift */; };
		4DFDB17D2885842E00C56411 /* DetailLinkViewController.swift in Sources */ = {isa = PBXBuildFile; fileRef = 4DFDB17C2885842E00C56411 /* DetailLinkViewController.swift */; };
		581AE5652885099D00853BEB /* LineSegmentedControl.swift in Sources */ = {isa = PBXBuildFile; fileRef = 581AE5642885099D00853BEB /* LineSegmentedControl.swift */; };
		58621445288FE07400DE04BE /* HowToUseCoreData.txt in Resources */ = {isa = PBXBuildFile; fileRef = 58621444288FE07400DE04BE /* HowToUseCoreData.txt */; };
		587D49C42880778100727BD6 /* KeywordTableViewCell.swift in Sources */ = {isa = PBXBuildFile; fileRef = 587D49C32880778100727BD6 /* KeywordTableViewCell.swift */; };
		58A1AA36287FDECC001BCFA9 /* Notice.storyboard in Resources */ = {isa = PBXBuildFile; fileRef = 58A1AA35287FDECC001BCFA9 /* Notice.storyboard */; };
		58A1AA38287FDEDB001BCFA9 /* NoticeViewController.swift in Sources */ = {isa = PBXBuildFile; fileRef = 58A1AA37287FDEDB001BCFA9 /* NoticeViewController.swift */; };
		58A1AA3A287FF390001BCFA9 /* KeywordViewController.swift in Sources */ = {isa = PBXBuildFile; fileRef = 58A1AA39287FF390001BCFA9 /* KeywordViewController.swift */; };
		58A1AA3C287FF445001BCFA9 /* InterestListViewController.swift in Sources */ = {isa = PBXBuildFile; fileRef = 58A1AA3B287FF445001BCFA9 /* InterestListViewController.swift */; };
		58D6ECC9288E518B00AB402F /* SubscriptionModel.swift in Sources */ = {isa = PBXBuildFile; fileRef = 58D6ECC8288E518B00AB402F /* SubscriptionModel.swift */; };
		58D6ECCC288E531000AB402F /* NinanoModel.xcdatamodeld in Sources */ = {isa = PBXBuildFile; fileRef = 58D6ECCA288E531000AB402F /* NinanoModel.xcdatamodeld */; };
		58D6ECCE288E547400AB402F /* LikeManager.swift in Sources */ = {isa = PBXBuildFile; fileRef = 58D6ECCD288E547400AB402F /* LikeManager.swift */; };
		58D6ECD0288E548D00AB402F /* ReserveManager.swift in Sources */ = {isa = PBXBuildFile; fileRef = 58D6ECCF288E548D00AB402F /* ReserveManager.swift */; };
		58D6ECD2288E549700AB402F /* KeywordManager.swift in Sources */ = {isa = PBXBuildFile; fileRef = 58D6ECD1288E549700AB402F /* KeywordManager.swift */; };
		58D6ECD5288E6CFA00AB402F /* CoredataMain.storyboard in Resources */ = {isa = PBXBuildFile; fileRef = 58D6ECD4288E6CFA00AB402F /* CoredataMain.storyboard */; };
		58D6ECD7288E6D4800AB402F /* CoredataViewController.swift in Sources */ = {isa = PBXBuildFile; fileRef = 58D6ECD6288E6D4800AB402F /* CoredataViewController.swift */; };
		58D6ECDB288E6DCC00AB402F /* TestTableViewController.swift in Sources */ = {isa = PBXBuildFile; fileRef = 58D6ECDA288E6DCC00AB402F /* TestTableViewController.swift */; };
		58D6ECDD288E75BC00AB402F /* CoreTestTableViewCell.swift in Sources */ = {isa = PBXBuildFile; fileRef = 58D6ECDC288E75BC00AB402F /* CoreTestTableViewCell.swift */; };
		7EBFC89928855AF900EF5537 /* CalendarDetail.storyboard in Resources */ = {isa = PBXBuildFile; fileRef = 7EBFC89828855AF900EF5537 /* CalendarDetail.storyboard */; };
		7EBFC89C28855CF600EF5537 /* CalendarDetailViewController.swift in Sources */ = {isa = PBXBuildFile; fileRef = 7EBFC89B28855CF600EF5537 /* CalendarDetailViewController.swift */; };
		7EBFC8A02886536900EF5537 /* DayEventDetailCell.swift in Sources */ = {isa = PBXBuildFile; fileRef = 7EBFC89F2886536900EF5537 /* DayEventDetailCell.swift */; };
		7EBFC8A22886558E00EF5537 /* EventModel.swift in Sources */ = {isa = PBXBuildFile; fileRef = 7EBFC8A12886558E00EF5537 /* EventModel.swift */; };
		9047C99B288149D800CD8113 /* NoticeGridCollectionViewCell.swift in Sources */ = {isa = PBXBuildFile; fileRef = 9047C99A288149D800CD8113 /* NoticeGridCollectionViewCell.swift */; };
		CC21943528824FB300E93AC7 /* PerformancesViewCell.swift in Sources */ = {isa = PBXBuildFile; fileRef = CC21943428824FB300E93AC7 /* PerformancesViewCell.swift */; };
		CC21943C28844F9500E93AC7 /* UIColor.swift in Sources */ = {isa = PBXBuildFile; fileRef = CC21943B28844F9500E93AC7 /* UIColor.swift */; };
		CC4F8F722880DC3300A18346 /* SearchResult.storyboard in Resources */ = {isa = PBXBuildFile; fileRef = CC4F8F712880DC3300A18346 /* SearchResult.storyboard */; };
		CC4F8F742880E59800A18346 /* SearchResultViewController.swift in Sources */ = {isa = PBXBuildFile; fileRef = CC4F8F732880E59800A18346 /* SearchResultViewController.swift */; };
		CC7EAA44288982240057E9C2 /* LabelPadding.swift in Sources */ = {isa = PBXBuildFile; fileRef = CC7EAA43288982240057E9C2 /* LabelPadding.swift */; };
		CC8B50C8287C1063004EE6DB /* AppDelegate.swift in Sources */ = {isa = PBXBuildFile; fileRef = CC8B50C7287C1063004EE6DB /* AppDelegate.swift */; };
		CC8B50CA287C1063004EE6DB /* SceneDelegate.swift in Sources */ = {isa = PBXBuildFile; fileRef = CC8B50C9287C1063004EE6DB /* SceneDelegate.swift */; };
		CC8B50CC287C1063004EE6DB /* EventDetailViewController.swift in Sources */ = {isa = PBXBuildFile; fileRef = CC8B50CB287C1063004EE6DB /* EventDetailViewController.swift */; };
		CC8B50CF287C1063004EE6DB /* EventDetail.storyboard in Resources */ = {isa = PBXBuildFile; fileRef = CC8B50CD287C1063004EE6DB /* EventDetail.storyboard */; };
		CC8B50D2287C1063004EE6DB /* Ninano.xcdatamodeld in Sources */ = {isa = PBXBuildFile; fileRef = CC8B50D0287C1063004EE6DB /* Ninano.xcdatamodeld */; };
		CC8B50D4287C1064004EE6DB /* Assets.xcassets in Resources */ = {isa = PBXBuildFile; fileRef = CC8B50D3287C1064004EE6DB /* Assets.xcassets */; };
		CC8B50D7287C1064004EE6DB /* LaunchScreen.storyboard in Resources */ = {isa = PBXBuildFile; fileRef = CC8B50D5287C1064004EE6DB /* LaunchScreen.storyboard */; };
		CC8CFAC0288D318E003BA65C /* .swiftLint.yml in Resources */ = {isa = PBXBuildFile; fileRef = CC8CFABF288D318E003BA65C /* .swiftLint.yml */; };
		CC8CFAE7288E52AB003BA65C /* DateFormatter.swift in Sources */ = {isa = PBXBuildFile; fileRef = CC8CFAE6288E52AB003BA65C /* DateFormatter.swift */; };
		CC997B472890EBCB0079E3EF /* Static.swift in Sources */ = {isa = PBXBuildFile; fileRef = CC997B462890EBCB0079E3EF /* Static.swift */; };
		CCCA9E4B288EB6CE0070F231 /* EventFilterButton.swift in Sources */ = {isa = PBXBuildFile; fileRef = CCCA9E4A288EB6CE0070F231 /* EventFilterButton.swift */; };
		CCCA9E4D288EB6DB0070F231 /* EventFilterButton.xib in Resources */ = {isa = PBXBuildFile; fileRef = CCCA9E4C288EB6DB0070F231 /* EventFilterButton.xib */; };
		CCCA9E58288FCF1C0070F231 /* CalenderModalViewController.swift in Sources */ = {isa = PBXBuildFile; fileRef = CCF0D97028866C0E00F61495 /* CalenderModalViewController.swift */; };
		CCCA9E59288FCF250070F231 /* CalenderModal.storyboard in Resources */ = {isa = PBXBuildFile; fileRef = CCCA9E54288FC8A10070F231 /* CalenderModal.storyboard */; };
		F63AEBA82884285700D57A4F /* CalendarViewController.swift in Sources */ = {isa = PBXBuildFile; fileRef = F63AEBA72884285700D57A4F /* CalendarViewController.swift */; };
		F63AEBAC2884288700D57A4F /* CalendarCollectionViewCell.xib in Resources */ = {isa = PBXBuildFile; fileRef = F63AEBAA2884288700D57A4F /* CalendarCollectionViewCell.xib */; };
		F63AEBAE288428B800D57A4F /* Calendar.storyboard in Resources */ = {isa = PBXBuildFile; fileRef = F63AEBAD288428B800D57A4F /* Calendar.storyboard */; };
		F63AEBDB2886788800D57A4F /* CalendarCollectionViewCell.swift in Sources */ = {isa = PBXBuildFile; fileRef = F63AEBDA2886788800D57A4F /* CalendarCollectionViewCell.swift */; };
		F6AC89BB288859AE006B3275 /* Keyword.storyboard in Resources */ = {isa = PBXBuildFile; fileRef = F6AC89BA288859AE006B3275 /* Keyword.storyboard */; };
		F6AC89BF28897DFC006B3275 /* Model.swift in Sources */ = {isa = PBXBuildFile; fileRef = F6AC89BE28897DFC006B3275 /* Model.swift */; };
		F6AC89C3288BAE82006B3275 /* APICaller.swift in Sources */ = {isa = PBXBuildFile; fileRef = F6AC89C2288BAE82006B3275 /* APICaller.swift */; };
		F6AC89E7288D1143006B3275 /* Test.storyboard in Resources */ = {isa = PBXBuildFile; fileRef = F6AC89E6288D1143006B3275 /* Test.storyboard */; };
		F6AC89E9288D115F006B3275 /* TestViewController.swift in Sources */ = {isa = PBXBuildFile; fileRef = F6AC89E8288D115F006B3275 /* TestViewController.swift */; };
		F6AC89EB288D143B006B3275 /* TestTableViewCell.swift in Sources */ = {isa = PBXBuildFile; fileRef = F6AC89EA288D143B006B3275 /* TestTableViewCell.swift */; };
		F6B158FB2887A790000B4F51 /* Main.storyboard in Resources */ = {isa = PBXBuildFile; fileRef = F6B158FA2887A790000B4F51 /* Main.storyboard */; };
/* End PBXBuildFile section */

/* Begin PBXFileReference section */
		3262DC242882DA8C007C6103 /* SearchViewController.swift */ = {isa = PBXFileReference; lastKnownFileType = sourcecode.swift; path = SearchViewController.swift; sourceTree = "<group>"; };
		3278706828819A7F00519A2A /* Search.storyboard */ = {isa = PBXFileReference; lastKnownFileType = file.storyboard; path = Search.storyboard; sourceTree = "<group>"; };
		3286D8752887F40200E9154A /* WeeklyCalendarCell.swift */ = {isa = PBXFileReference; lastKnownFileType = sourcecode.swift; path = WeeklyCalendarCell.swift; sourceTree = "<group>"; };
		32CF35D928830E9A00665186 /* CategoryCell.swift */ = {isa = PBXFileReference; lastKnownFileType = sourcecode.swift; path = CategoryCell.swift; sourceTree = "<group>"; };
		32CF35DB28830EAB00665186 /* EventCell.swift */ = {isa = PBXFileReference; lastKnownFileType = sourcecode.swift; path = EventCell.swift; sourceTree = "<group>"; };
		4D51F2312885B72100CB8FD0 /* ModalCalendarViewController.swift */ = {isa = PBXFileReference; lastKnownFileType = sourcecode.swift; path = ModalCalendarViewController.swift; sourceTree = "<group>"; };
		4D9F018728862FE100300DB8 /* SetKeywordViewController.swift */ = {isa = PBXFileReference; lastKnownFileType = sourcecode.swift; path = SetKeywordViewController.swift; sourceTree = "<group>"; };
		4DFDB17C2885842E00C56411 /* DetailLinkViewController.swift */ = {isa = PBXFileReference; lastKnownFileType = sourcecode.swift; path = DetailLinkViewController.swift; sourceTree = "<group>"; };
		581AE5642885099D00853BEB /* LineSegmentedControl.swift */ = {isa = PBXFileReference; lastKnownFileType = sourcecode.swift; path = LineSegmentedControl.swift; sourceTree = "<group>"; };
		58621444288FE07400DE04BE /* HowToUseCoreData.txt */ = {isa = PBXFileReference; lastKnownFileType = text; path = HowToUseCoreData.txt; sourceTree = "<group>"; };
		587D49C32880778100727BD6 /* KeywordTableViewCell.swift */ = {isa = PBXFileReference; lastKnownFileType = sourcecode.swift; path = KeywordTableViewCell.swift; sourceTree = "<group>"; };
		58A1AA35287FDECC001BCFA9 /* Notice.storyboard */ = {isa = PBXFileReference; lastKnownFileType = file.storyboard; path = Notice.storyboard; sourceTree = "<group>"; };
		58A1AA37287FDEDB001BCFA9 /* NoticeViewController.swift */ = {isa = PBXFileReference; lastKnownFileType = sourcecode.swift; path = NoticeViewController.swift; sourceTree = "<group>"; };
		58A1AA39287FF390001BCFA9 /* KeywordViewController.swift */ = {isa = PBXFileReference; lastKnownFileType = sourcecode.swift; path = KeywordViewController.swift; sourceTree = "<group>"; };
		58A1AA3B287FF445001BCFA9 /* InterestListViewController.swift */ = {isa = PBXFileReference; lastKnownFileType = sourcecode.swift; path = InterestListViewController.swift; sourceTree = "<group>"; };
		58D6ECC8288E518B00AB402F /* SubscriptionModel.swift */ = {isa = PBXFileReference; lastKnownFileType = sourcecode.swift; path = SubscriptionModel.swift; sourceTree = "<group>"; };
		58D6ECCB288E531000AB402F /* NinanoModel.xcdatamodel */ = {isa = PBXFileReference; lastKnownFileType = wrapper.xcdatamodel; path = NinanoModel.xcdatamodel; sourceTree = "<group>"; };
		58D6ECCD288E547400AB402F /* LikeManager.swift */ = {isa = PBXFileReference; lastKnownFileType = sourcecode.swift; path = LikeManager.swift; sourceTree = "<group>"; };
		58D6ECCF288E548D00AB402F /* ReserveManager.swift */ = {isa = PBXFileReference; lastKnownFileType = sourcecode.swift; path = ReserveManager.swift; sourceTree = "<group>"; };
		58D6ECD1288E549700AB402F /* KeywordManager.swift */ = {isa = PBXFileReference; lastKnownFileType = sourcecode.swift; path = KeywordManager.swift; sourceTree = "<group>"; };
		58D6ECD4288E6CFA00AB402F /* CoredataMain.storyboard */ = {isa = PBXFileReference; lastKnownFileType = file.storyboard; path = CoredataMain.storyboard; sourceTree = "<group>"; };
		58D6ECD6288E6D4800AB402F /* CoredataViewController.swift */ = {isa = PBXFileReference; lastKnownFileType = sourcecode.swift; path = CoredataViewController.swift; sourceTree = "<group>"; };
		58D6ECDA288E6DCC00AB402F /* TestTableViewController.swift */ = {isa = PBXFileReference; lastKnownFileType = sourcecode.swift; path = TestTableViewController.swift; sourceTree = "<group>"; };
		58D6ECDC288E75BC00AB402F /* CoreTestTableViewCell.swift */ = {isa = PBXFileReference; lastKnownFileType = sourcecode.swift; path = CoreTestTableViewCell.swift; sourceTree = "<group>"; };
		7EBFC89828855AF900EF5537 /* CalendarDetail.storyboard */ = {isa = PBXFileReference; lastKnownFileType = file.storyboard; path = CalendarDetail.storyboard; sourceTree = "<group>"; };
		7EBFC89B28855CF600EF5537 /* CalendarDetailViewController.swift */ = {isa = PBXFileReference; lastKnownFileType = sourcecode.swift; path = CalendarDetailViewController.swift; sourceTree = "<group>"; };
		7EBFC89F2886536900EF5537 /* DayEventDetailCell.swift */ = {isa = PBXFileReference; lastKnownFileType = sourcecode.swift; path = DayEventDetailCell.swift; sourceTree = "<group>"; };
		7EBFC8A12886558E00EF5537 /* EventModel.swift */ = {isa = PBXFileReference; lastKnownFileType = sourcecode.swift; path = EventModel.swift; sourceTree = "<group>"; };
		9047C99A288149D800CD8113 /* NoticeGridCollectionViewCell.swift */ = {isa = PBXFileReference; lastKnownFileType = sourcecode.swift; path = NoticeGridCollectionViewCell.swift; sourceTree = "<group>"; };
		CC21943428824FB300E93AC7 /* PerformancesViewCell.swift */ = {isa = PBXFileReference; lastKnownFileType = sourcecode.swift; path = PerformancesViewCell.swift; sourceTree = "<group>"; };
		CC21943B28844F9500E93AC7 /* UIColor.swift */ = {isa = PBXFileReference; lastKnownFileType = sourcecode.swift; path = UIColor.swift; sourceTree = "<group>"; };
		CC4F8F712880DC3300A18346 /* SearchResult.storyboard */ = {isa = PBXFileReference; lastKnownFileType = file.storyboard; path = SearchResult.storyboard; sourceTree = "<group>"; };
		CC4F8F732880E59800A18346 /* SearchResultViewController.swift */ = {isa = PBXFileReference; lastKnownFileType = sourcecode.swift; path = SearchResultViewController.swift; sourceTree = "<group>"; };
		CC7EAA43288982240057E9C2 /* LabelPadding.swift */ = {isa = PBXFileReference; lastKnownFileType = sourcecode.swift; path = LabelPadding.swift; sourceTree = "<group>"; };
		CC8B50C4287C1063004EE6DB /* Ninano.app */ = {isa = PBXFileReference; explicitFileType = wrapper.application; includeInIndex = 0; path = Ninano.app; sourceTree = BUILT_PRODUCTS_DIR; };
		CC8B50C7287C1063004EE6DB /* AppDelegate.swift */ = {isa = PBXFileReference; lastKnownFileType = sourcecode.swift; path = AppDelegate.swift; sourceTree = "<group>"; };
		CC8B50C9287C1063004EE6DB /* SceneDelegate.swift */ = {isa = PBXFileReference; lastKnownFileType = sourcecode.swift; path = SceneDelegate.swift; sourceTree = "<group>"; };
		CC8B50CB287C1063004EE6DB /* EventDetailViewController.swift */ = {isa = PBXFileReference; lastKnownFileType = sourcecode.swift; path = EventDetailViewController.swift; sourceTree = "<group>"; };
		CC8B50CE287C1063004EE6DB /* Base */ = {isa = PBXFileReference; lastKnownFileType = file.storyboard; name = Base; path = Base.lproj/EventDetail.storyboard; sourceTree = "<group>"; };
		CC8B50D1287C1063004EE6DB /* Ninano.xcdatamodel */ = {isa = PBXFileReference; lastKnownFileType = wrapper.xcdatamodel; path = Ninano.xcdatamodel; sourceTree = "<group>"; };
		CC8B50D3287C1064004EE6DB /* Assets.xcassets */ = {isa = PBXFileReference; lastKnownFileType = folder.assetcatalog; path = Assets.xcassets; sourceTree = "<group>"; };
		CC8B50D6287C1064004EE6DB /* Base */ = {isa = PBXFileReference; lastKnownFileType = file.storyboard; name = Base; path = Base.lproj/LaunchScreen.storyboard; sourceTree = "<group>"; };
		CC8B50D8287C1064004EE6DB /* Info.plist */ = {isa = PBXFileReference; lastKnownFileType = text.plist.xml; path = Info.plist; sourceTree = "<group>"; };
		CC8CFABF288D318E003BA65C /* .swiftLint.yml */ = {isa = PBXFileReference; lastKnownFileType = text.yaml; path = .swiftLint.yml; sourceTree = "<group>"; };
		CC8CFAE6288E52AB003BA65C /* DateFormatter.swift */ = {isa = PBXFileReference; lastKnownFileType = sourcecode.swift; path = DateFormatter.swift; sourceTree = "<group>"; };
		CC997B462890EBCB0079E3EF /* Static.swift */ = {isa = PBXFileReference; lastKnownFileType = sourcecode.swift; path = Static.swift; sourceTree = "<group>"; };
		CCCA9E4A288EB6CE0070F231 /* EventFilterButton.swift */ = {isa = PBXFileReference; lastKnownFileType = sourcecode.swift; path = EventFilterButton.swift; sourceTree = "<group>"; };
		CCCA9E4C288EB6DB0070F231 /* EventFilterButton.xib */ = {isa = PBXFileReference; lastKnownFileType = file.xib; path = EventFilterButton.xib; sourceTree = "<group>"; };
		CCCA9E54288FC8A10070F231 /* CalenderModal.storyboard */ = {isa = PBXFileReference; lastKnownFileType = file.storyboard; path = CalenderModal.storyboard; sourceTree = "<group>"; };
		CCF0D97028866C0E00F61495 /* CalenderModalViewController.swift */ = {isa = PBXFileReference; lastKnownFileType = sourcecode.swift; path = CalenderModalViewController.swift; sourceTree = "<group>"; };
		F63AEBA72884285700D57A4F /* CalendarViewController.swift */ = {isa = PBXFileReference; lastKnownFileType = sourcecode.swift; path = CalendarViewController.swift; sourceTree = "<group>"; };
		F63AEBAA2884288700D57A4F /* CalendarCollectionViewCell.xib */ = {isa = PBXFileReference; lastKnownFileType = file.xib; path = CalendarCollectionViewCell.xib; sourceTree = "<group>"; };
		F63AEBAD288428B800D57A4F /* Calendar.storyboard */ = {isa = PBXFileReference; lastKnownFileType = file.storyboard; path = Calendar.storyboard; sourceTree = "<group>"; };
		F63AEBDA2886788800D57A4F /* CalendarCollectionViewCell.swift */ = {isa = PBXFileReference; lastKnownFileType = sourcecode.swift; path = CalendarCollectionViewCell.swift; sourceTree = "<group>"; };
		F63AEBDE288686CE00D57A4F /* Config.xcconfig */ = {isa = PBXFileReference; lastKnownFileType = text.xcconfig; path = Config.xcconfig; sourceTree = "<group>"; };
		F6AC89BA288859AE006B3275 /* Keyword.storyboard */ = {isa = PBXFileReference; lastKnownFileType = file.storyboard; path = Keyword.storyboard; sourceTree = "<group>"; };
		F6AC89BE28897DFC006B3275 /* Model.swift */ = {isa = PBXFileReference; lastKnownFileType = sourcecode.swift; path = Model.swift; sourceTree = "<group>"; };
		F6AC89C2288BAE82006B3275 /* APICaller.swift */ = {isa = PBXFileReference; lastKnownFileType = sourcecode.swift; path = APICaller.swift; sourceTree = "<group>"; };
		F6AC89E6288D1143006B3275 /* Test.storyboard */ = {isa = PBXFileReference; lastKnownFileType = file.storyboard; path = Test.storyboard; sourceTree = "<group>"; };
		F6AC89E8288D115F006B3275 /* TestViewController.swift */ = {isa = PBXFileReference; lastKnownFileType = sourcecode.swift; path = TestViewController.swift; sourceTree = "<group>"; };
		F6AC89EA288D143B006B3275 /* TestTableViewCell.swift */ = {isa = PBXFileReference; lastKnownFileType = sourcecode.swift; path = TestTableViewCell.swift; sourceTree = "<group>"; };
		F6B158FA2887A790000B4F51 /* Main.storyboard */ = {isa = PBXFileReference; lastKnownFileType = file.storyboard; path = Main.storyboard; sourceTree = "<group>"; };
/* End PBXFileReference section */

/* Begin PBXFrameworksBuildPhase section */
		CC8B50C1287C1063004EE6DB /* Frameworks */ = {
			isa = PBXFrameworksBuildPhase;
			buildActionMask = 2147483647;
			files = (
			);
			runOnlyForDeploymentPostprocessing = 0;
		};
/* End PBXFrameworksBuildPhase section */

/* Begin PBXGroup section */
		58BA9306288EA3FC001F0B0A /* CoreDataTest */ = {
			isa = PBXGroup;
			children = (
				58D6ECD4288E6CFA00AB402F /* CoredataMain.storyboard */,
				58D6ECDA288E6DCC00AB402F /* TestTableViewController.swift */,
				58D6ECDC288E75BC00AB402F /* CoreTestTableViewCell.swift */,
				58D6ECD6288E6D4800AB402F /* CoredataViewController.swift */,
			);
			path = CoreDataTest;
			sourceTree = "<group>";
		};
		58D6ECC7288E513700AB402F /* CoreData */ = {
			isa = PBXGroup;
			children = (
				58D6ECCA288E531000AB402F /* NinanoModel.xcdatamodeld */,
				58D6ECCD288E547400AB402F /* LikeManager.swift */,
				58D6ECCF288E548D00AB402F /* ReserveManager.swift */,
				58D6ECD1288E549700AB402F /* KeywordManager.swift */,
			);
			path = CoreData;
			sourceTree = "<group>";
		};
		58D6ECD3288E6CDB00AB402F /* TEST */ = {
			isa = PBXGroup;
			children = (
				CC4FA481288E981200B52EDA /* APITest */,
				58BA9306288EA3FC001F0B0A /* CoreDataTest */,
			);
			path = TEST;
			sourceTree = "<group>";
		};
		92AFEC367EA6A85B89A8DB34 /* Frameworks */ = {
			isa = PBXGroup;
			children = (
			);
			name = Frameworks;
			sourceTree = "<group>";
		};
		CC21943A28844F8500E93AC7 /* extension */ = {
			isa = PBXGroup;
			children = (
				CC21943B28844F9500E93AC7 /* UIColor.swift */,
				CC8CFAE6288E52AB003BA65C /* DateFormatter.swift */,
				CC997B462890EBCB0079E3EF /* Static.swift */,
				CC4FA480288E97F200B52EDA /* customDesign */,
			);
			path = extension;
			sourceTree = "<group>";
		};
		CC4FA476288E95F800B52EDA /* MonthlyCalendar */ = {
			isa = PBXGroup;
			children = (
				F63AEBAD288428B800D57A4F /* Calendar.storyboard */,
				F63AEBDA2886788800D57A4F /* CalendarCollectionViewCell.swift */,
				F63AEBAA2884288700D57A4F /* CalendarCollectionViewCell.xib */,
			);
			path = MonthlyCalendar;
			sourceTree = "<group>";
		};
		CC4FA477288E964000B52EDA /* WeeklyCalendar */ = {
			isa = PBXGroup;
			children = (
				7EBFC89828855AF900EF5537 /* CalendarDetail.storyboard */,
				3286D8752887F40200E9154A /* WeeklyCalendarCell.swift */,
				7EBFC89F2886536900EF5537 /* DayEventDetailCell.swift */,
				32CF35D928830E9A00665186 /* CategoryCell.swift */,
				32CF35DB28830EAB00665186 /* EventCell.swift */,
			);
			path = WeeklyCalendar;
			sourceTree = "<group>";
		};
		CC4FA478288E964E00B52EDA /* Interest */ = {
			isa = PBXGroup;
			children = (
				F6AC89BA288859AE006B3275 /* Keyword.storyboard */,
				58A1AA35287FDECC001BCFA9 /* Notice.storyboard */,
				587D49C32880778100727BD6 /* KeywordTableViewCell.swift */,
				9047C99A288149D800CD8113 /* NoticeGridCollectionViewCell.swift */,
			);
			path = Interest;
			sourceTree = "<group>";
		};
		CC4FA479288E96DE00B52EDA /* Search */ = {
			isa = PBXGroup;
			children = (
				3278706828819A7F00519A2A /* Search.storyboard */,
			);
			path = Search;
			sourceTree = "<group>";
		};
		CC4FA47A288E96E200B52EDA /* SerchResult */ = {
			isa = PBXGroup;
			children = (
				CC4F8F712880DC3300A18346 /* SearchResult.storyboard */,
				CC21943428824FB300E93AC7 /* PerformancesViewCell.swift */,
				CCCA9E4C288EB6DB0070F231 /* EventFilterButton.xib */,
				CCCA9E4A288EB6CE0070F231 /* EventFilterButton.swift */,
			);
			path = SerchResult;
			sourceTree = "<group>";
		};
		CC4FA47C288E971F00B52EDA /* WeeklyCalendar */ = {
			isa = PBXGroup;
			children = (
				7EBFC89B28855CF600EF5537 /* CalendarDetailViewController.swift */,
			);
			path = WeeklyCalendar;
			sourceTree = "<group>";
		};
		CC4FA47D288E976200B52EDA /* SearchResult */ = {
			isa = PBXGroup;
			children = (
				CC4F8F732880E59800A18346 /* SearchResultViewController.swift */,
			);
			path = SearchResult;
			sourceTree = "<group>";
		};
		CC4FA47E288E976B00B52EDA /* Search */ = {
			isa = PBXGroup;
			children = (
				3262DC242882DA8C007C6103 /* SearchViewController.swift */,
			);
			path = Search;
			sourceTree = "<group>";
		};
		CC4FA47F288E978900B52EDA /* EventDetail */ = {
			isa = PBXGroup;
			children = (
				CC8B50CB287C1063004EE6DB /* EventDetailViewController.swift */,
				4DFDB17C2885842E00C56411 /* DetailLinkViewController.swift */,
				4D51F2312885B72100CB8FD0 /* ModalCalendarViewController.swift */,
			);
			path = EventDetail;
			sourceTree = "<group>";
		};
		CC4FA480288E97F200B52EDA /* customDesign */ = {
			isa = PBXGroup;
			children = (
				CC7EAA43288982240057E9C2 /* LabelPadding.swift */,
			);
			path = customDesign;
			sourceTree = "<group>";
		};
		CC4FA481288E981200B52EDA /* APITest */ = {
			isa = PBXGroup;
			children = (
				F6AC89C2288BAE82006B3275 /* APICaller.swift */,
				F6AC89E6288D1143006B3275 /* Test.storyboard */,
				F6AC89BE28897DFC006B3275 /* Model.swift */,
				F6AC89E8288D115F006B3275 /* TestViewController.swift */,
				F6AC89EA288D143B006B3275 /* TestTableViewCell.swift */,
			);
			path = APITest;
			sourceTree = "<group>";
		};
		CC8B50BB287C1063004EE6DB = {
			isa = PBXGroup;
			children = (
				CC8B50C6287C1063004EE6DB /* Ninano */,
				92AFEC367EA6A85B89A8DB34 /* Frameworks */,
			);
			sourceTree = "<group>";
		};
		CC8B50C5287C1063004EE6DB /* Products */ = {
			isa = PBXGroup;
			children = (
				CC8B50C4287C1063004EE6DB /* Ninano.app */,
			);
			name = Products;
			path = ..;
			sourceTree = "<group>";
		};
		CC8B50C6287C1063004EE6DB /* Ninano */ = {
			isa = PBXGroup;
			children = (
				58D6ECD3288E6CDB00AB402F /* TEST */,
				58D6ECC7288E513700AB402F /* CoreData */,
				F6AC89B52888356E006B3275 /* Model */,
				F6B158FD2887AECE000B4F51 /* Controllers */,
				F6B158FC2887A7D6000B4F51 /* Views */,
				CC21943A28844F8500E93AC7 /* extension */,
				F63AEBDE288686CE00D57A4F /* Config.xcconfig */,
				CC8B50C7287C1063004EE6DB /* AppDelegate.swift */,
				CC8B50C9287C1063004EE6DB /* SceneDelegate.swift */,
				CC8B50D3287C1064004EE6DB /* Assets.xcassets */,
				CC8B50D5287C1064004EE6DB /* LaunchScreen.storyboard */,
				CC8CFABF288D318E003BA65C /* .swiftLint.yml */,
				CC8B50D8287C1064004EE6DB /* Info.plist */,
				CC8B50D0287C1063004EE6DB /* Ninano.xcdatamodeld */,
				CC8B50C5287C1063004EE6DB /* Products */,
			);
			path = Ninano;
			sourceTree = "<group>";
		};
		F6AC89A82887F74B006B3275 /* CalendarTab */ = {
			isa = PBXGroup;
			children = (
				F6AC89B828883BD0006B3275 /* MonthlyCalendar */,
				CC4FA47C288E971F00B52EDA /* WeeklyCalendar */,
				F6AC89B928883BDA006B3275 /* Interest */,
			);
			path = CalendarTab;
			sourceTree = "<group>";
		};
		F6AC89A92887F758006B3275 /* EventTab */ = {
			isa = PBXGroup;
			children = (
				CC4FA47E288E976B00B52EDA /* Search */,
				CC4FA47D288E976200B52EDA /* SearchResult */,
			);
			path = EventTab;
			sourceTree = "<group>";
		};
		F6AC89B52888356E006B3275 /* Model */ = {
			isa = PBXGroup;
			children = (
				58621444288FE07400DE04BE /* HowToUseCoreData.txt */,
				58D6ECC8288E518B00AB402F /* SubscriptionModel.swift */,
				7EBFC8A12886558E00EF5537 /* EventModel.swift */,
			);
			path = Model;
			sourceTree = "<group>";
		};
		F6AC89B628883B6B006B3275 /* CalendarTab */ = {
			isa = PBXGroup;
			children = (
				CC4FA476288E95F800B52EDA /* MonthlyCalendar */,
				CC4FA477288E964000B52EDA /* WeeklyCalendar */,
				CC4FA478288E964E00B52EDA /* Interest */,
			);
			path = CalendarTab;
			sourceTree = "<group>";
		};
		F6AC89B728883B74006B3275 /* EventTab */ = {
			isa = PBXGroup;
			children = (
				CC4FA479288E96DE00B52EDA /* Search */,
				CC4FA47A288E96E200B52EDA /* SerchResult */,
			);
			path = EventTab;
			sourceTree = "<group>";
		};
		F6AC89B828883BD0006B3275 /* MonthlyCalendar */ = {
			isa = PBXGroup;
			children = (
				F63AEBA72884285700D57A4F /* CalendarViewController.swift */,
			);
			path = MonthlyCalendar;
			sourceTree = "<group>";
		};
		F6AC89B928883BDA006B3275 /* Interest */ = {
			isa = PBXGroup;
			children = (
				58A1AA39287FF390001BCFA9 /* KeywordViewController.swift */,
				58A1AA3B287FF445001BCFA9 /* InterestListViewController.swift */,
				58A1AA37287FDEDB001BCFA9 /* NoticeViewController.swift */,
				581AE5642885099D00853BEB /* LineSegmentedControl.swift */,
				4D9F018728862FE100300DB8 /* SetKeywordViewController.swift */,
			);
			path = Interest;
			sourceTree = "<group>";
		};
		F6B158FC2887A7D6000B4F51 /* Views */ = {
			isa = PBXGroup;
			children = (
				F6B158FA2887A790000B4F51 /* Main.storyboard */,
				CC8B50CD287C1063004EE6DB /* EventDetail.storyboard */,
				CCCA9E54288FC8A10070F231 /* CalenderModal.storyboard */,
				F6AC89B628883B6B006B3275 /* CalendarTab */,
				F6AC89B728883B74006B3275 /* EventTab */,
			);
			path = Views;
			sourceTree = "<group>";
		};
		F6B158FD2887AECE000B4F51 /* Controllers */ = {
			isa = PBXGroup;
			children = (
				CCF0D97028866C0E00F61495 /* CalenderModalViewController.swift */,
				CC4FA47F288E978900B52EDA /* EventDetail */,
				F6AC89A82887F74B006B3275 /* CalendarTab */,
				F6AC89A92887F758006B3275 /* EventTab */,
			);
			path = Controllers;
			sourceTree = "<group>";
		};
/* End PBXGroup section */

/* Begin PBXNativeTarget section */
		CC8B50C3287C1063004EE6DB /* Ninano */ = {
			isa = PBXNativeTarget;
			buildConfigurationList = CC8B50DB287C1064004EE6DB /* Build configuration list for PBXNativeTarget "Ninano" */;
			buildPhases = (
				CC8CFABE288D315E003BA65C /* SwiftLint Script */,
				CC8B50C0287C1063004EE6DB /* Sources */,
				CC8B50C1287C1063004EE6DB /* Frameworks */,
				CC8B50C2287C1063004EE6DB /* Resources */,
			);
			buildRules = (
			);
			dependencies = (
			);
			name = Ninano;
			packageProductDependencies = (
			);
			productName = Ninano;
			productReference = CC8B50C4287C1063004EE6DB /* Ninano.app */;
			productType = "com.apple.product-type.application";
		};
/* End PBXNativeTarget section */

/* Begin PBXProject section */
		CC8B50BC287C1063004EE6DB /* Project object */ = {
			isa = PBXProject;
			attributes = {
				BuildIndependentTargetsInParallel = 1;
				LastSwiftUpdateCheck = 1340;
				LastUpgradeCheck = 1340;
				TargetAttributes = {
					CC8B50C3287C1063004EE6DB = {
						CreatedOnToolsVersion = 13.4.1;
					};
				};
			};
			buildConfigurationList = CC8B50BF287C1063004EE6DB /* Build configuration list for PBXProject "Ninano" */;
			compatibilityVersion = "Xcode 13.0";
			developmentRegion = en;
			hasScannedForEncodings = 0;
			knownRegions = (
				en,
				Base,
			);
			mainGroup = CC8B50BB287C1063004EE6DB;
			packageReferences = (
			);
			productRefGroup = CC8B50C5287C1063004EE6DB /* Products */;
			projectDirPath = "";
			projectRoot = "";
			targets = (
				CC8B50C3287C1063004EE6DB /* Ninano */,
			);
		};
/* End PBXProject section */

/* Begin PBXResourcesBuildPhase section */
		CC8B50C2287C1063004EE6DB /* Resources */ = {
			isa = PBXResourcesBuildPhase;
			buildActionMask = 2147483647;
			files = (
				58D6ECD5288E6CFA00AB402F /* CoredataMain.storyboard in Resources */,
				CCCA9E59288FCF250070F231 /* CalenderModal.storyboard in Resources */,
				7EBFC89928855AF900EF5537 /* CalendarDetail.storyboard in Resources */,
				CC4F8F722880DC3300A18346 /* SearchResult.storyboard in Resources */,
				F6B158FB2887A790000B4F51 /* Main.storyboard in Resources */,
				F63AEBAE288428B800D57A4F /* Calendar.storyboard in Resources */,
				CC8B50D7287C1064004EE6DB /* LaunchScreen.storyboard in Resources */,
				58A1AA36287FDECC001BCFA9 /* Notice.storyboard in Resources */,
				58621445288FE07400DE04BE /* HowToUseCoreData.txt in Resources */,
				CC8B50D4287C1064004EE6DB /* Assets.xcassets in Resources */,
				F6AC89E7288D1143006B3275 /* Test.storyboard in Resources */,
				F63AEBAC2884288700D57A4F /* CalendarCollectionViewCell.xib in Resources */,
				CC8CFAC0288D318E003BA65C /* .swiftLint.yml in Resources */,
				CC8B50CF287C1063004EE6DB /* EventDetail.storyboard in Resources */,
				F6AC89BB288859AE006B3275 /* Keyword.storyboard in Resources */,
				CCCA9E4D288EB6DB0070F231 /* EventFilterButton.xib in Resources */,
				3278706928819A7F00519A2A /* Search.storyboard in Resources */,
			);
			runOnlyForDeploymentPostprocessing = 0;
		};
/* End PBXResourcesBuildPhase section */

/* Begin PBXShellScriptBuildPhase section */
		CC8CFABE288D315E003BA65C /* SwiftLint Script */ = {
			isa = PBXShellScriptBuildPhase;
			buildActionMask = 2147483647;
			files = (
			);
			inputFileListPaths = (
			);
			inputPaths = (
			);
			name = "SwiftLint Script";
			outputFileListPaths = (
			);
			outputPaths = (
			);
			runOnlyForDeploymentPostprocessing = 0;
			shellPath = /bin/sh;
			shellScript = "export PATH=\"$PATH:/opt/homebrew/bin\"\nif which swiftlint > /dev/null; then\n  swiftlint\nelse\n  echo \"warning: SwiftLint not installed, download from https://github.com/realm/SwiftLint\"\nfi\n";
		};
/* End PBXShellScriptBuildPhase section */

/* Begin PBXSourcesBuildPhase section */
		CC8B50C0287C1063004EE6DB /* Sources */ = {
			isa = PBXSourcesBuildPhase;
			buildActionMask = 2147483647;
			files = (
				58D6ECCC288E531000AB402F /* NinanoModel.xcdatamodeld in Sources */,
				CCCA9E58288FCF1C0070F231 /* CalenderModalViewController.swift in Sources */,
				7EBFC8A02886536900EF5537 /* DayEventDetailCell.swift in Sources */,
				7EBFC89C28855CF600EF5537 /* CalendarDetailViewController.swift in Sources */,
				CC7EAA44288982240057E9C2 /* LabelPadding.swift in Sources */,
				3286D8762887F40200E9154A /* WeeklyCalendarCell.swift in Sources */,
				4DFDB17D2885842E00C56411 /* DetailLinkViewController.swift in Sources */,
				4D9F018828862FE100300DB8 /* SetKeywordViewController.swift in Sources */,
				58D6ECD0288E548D00AB402F /* ReserveManager.swift in Sources */,
				3262DC252882DA8C007C6103 /* SearchViewController.swift in Sources */,
				F63AEBDB2886788800D57A4F /* CalendarCollectionViewCell.swift in Sources */,
				58D6ECD2288E549700AB402F /* KeywordManager.swift in Sources */,
				F6AC89C3288BAE82006B3275 /* APICaller.swift in Sources */,
				3262DC252882DA8C007C6103 /* SearchViewController.swift in Sources */,
				F63AEBDB2886788800D57A4F /* CalendarCollectionViewCell.swift in Sources */,
				CC8CFAE7288E52AB003BA65C /* DateFormatter.swift in Sources */,
				F63AEBA82884285700D57A4F /* CalendarViewController.swift in Sources */,
				581AE5652885099D00853BEB /* LineSegmentedControl.swift in Sources */,
				F6AC89E9288D115F006B3275 /* TestViewController.swift in Sources */,
				58A1AA3A287FF390001BCFA9 /* KeywordViewController.swift in Sources */,
				CC8B50CC287C1063004EE6DB /* EventDetailViewController.swift in Sources */,
				58D6ECC9288E518B00AB402F /* SubscriptionModel.swift in Sources */,
				CC21943528824FB300E93AC7 /* PerformancesViewCell.swift in Sources */,
				CC21943C28844F9500E93AC7 /* UIColor.swift in Sources */,
				CC8B50C8287C1063004EE6DB /* AppDelegate.swift in Sources */,
				7EBFC8A22886558E00EF5537 /* EventModel.swift in Sources */,
				CC4F8F742880E59800A18346 /* SearchResultViewController.swift in Sources */,
				58A1AA3C287FF445001BCFA9 /* InterestListViewController.swift in Sources */,
				58D6ECDB288E6DCC00AB402F /* TestTableViewController.swift in Sources */,
				58D6ECCE288E547400AB402F /* LikeManager.swift in Sources */,
				CC8B50D2287C1063004EE6DB /* Ninano.xcdatamodeld in Sources */,
				58D6ECD7288E6D4800AB402F /* CoredataViewController.swift in Sources */,
				CC8B50D2287C1063004EE6DB /* Ninano.xcdatamodeld in Sources */,
				F6AC89EB288D143B006B3275 /* TestTableViewCell.swift in Sources */,
				4D51F2322885B72100CB8FD0 /* ModalCalendarViewController.swift in Sources */,
				58D6ECDD288E75BC00AB402F /* CoreTestTableViewCell.swift in Sources */,
				CC997B472890EBCB0079E3EF /* Static.swift in Sources */,
				9047C99B288149D800CD8113 /* NoticeGridCollectionViewCell.swift in Sources */,
				587D49C42880778100727BD6 /* KeywordTableViewCell.swift in Sources */,
				F6AC89BF28897DFC006B3275 /* Model.swift in Sources */,
				CC8B50CA287C1063004EE6DB /* SceneDelegate.swift in Sources */,
				32CF35DA28830E9A00665186 /* CategoryCell.swift in Sources */,
				32CF35DC28830EAB00665186 /* EventCell.swift in Sources */,
				CCCA9E4B288EB6CE0070F231 /* EventFilterButton.swift in Sources */,
				58A1AA38287FDEDB001BCFA9 /* NoticeViewController.swift in Sources */,
			);
			runOnlyForDeploymentPostprocessing = 0;
		};
/* End PBXSourcesBuildPhase section */

/* Begin PBXVariantGroup section */
		CC8B50CD287C1063004EE6DB /* EventDetail.storyboard */ = {
			isa = PBXVariantGroup;
			children = (
				CC8B50CE287C1063004EE6DB /* Base */,
			);
			name = EventDetail.storyboard;
			sourceTree = "<group>";
		};
		CC8B50D5287C1064004EE6DB /* LaunchScreen.storyboard */ = {
			isa = PBXVariantGroup;
			children = (
				CC8B50D6287C1064004EE6DB /* Base */,
			);
			name = LaunchScreen.storyboard;
			sourceTree = "<group>";
		};
/* End PBXVariantGroup section */

/* Begin XCBuildConfiguration section */
		CC8B50D9287C1064004EE6DB /* Debug */ = {
			isa = XCBuildConfiguration;
			buildSettings = {
				CLANG_ANALYZER_NONNULL = YES;
				CLANG_ANALYZER_NUMBER_OBJECT_CONVERSION = YES_AGGRESSIVE;
				CLANG_CXX_LANGUAGE_STANDARD = "gnu++17";
				CLANG_ENABLE_MODULES = YES;
				CLANG_ENABLE_OBJC_ARC = YES;
				CLANG_ENABLE_OBJC_WEAK = YES;
				CLANG_WARN_BLOCK_CAPTURE_AUTORELEASING = YES;
				CLANG_WARN_BOOL_CONVERSION = YES;
				CLANG_WARN_COMMA = YES;
				CLANG_WARN_CONSTANT_CONVERSION = YES;
				CLANG_WARN_DEPRECATED_OBJC_IMPLEMENTATIONS = YES;
				CLANG_WARN_DIRECT_OBJC_ISA_USAGE = YES_ERROR;
				CLANG_WARN_DOCUMENTATION_COMMENTS = YES;
				CLANG_WARN_EMPTY_BODY = YES;
				CLANG_WARN_ENUM_CONVERSION = YES;
				CLANG_WARN_INFINITE_RECURSION = YES;
				CLANG_WARN_INT_CONVERSION = YES;
				CLANG_WARN_NON_LITERAL_NULL_CONVERSION = YES;
				CLANG_WARN_OBJC_IMPLICIT_RETAIN_SELF = YES;
				CLANG_WARN_OBJC_LITERAL_CONVERSION = YES;
				CLANG_WARN_OBJC_ROOT_CLASS = YES_ERROR;
				CLANG_WARN_QUOTED_INCLUDE_IN_FRAMEWORK_HEADER = YES;
				CLANG_WARN_RANGE_LOOP_ANALYSIS = YES;
				CLANG_WARN_STRICT_PROTOTYPES = YES;
				CLANG_WARN_SUSPICIOUS_MOVE = YES;
				CLANG_WARN_UNGUARDED_AVAILABILITY = YES_AGGRESSIVE;
				CLANG_WARN_UNREACHABLE_CODE = YES;
				CLANG_WARN__DUPLICATE_METHOD_MATCH = YES;
				COPY_PHASE_STRIP = NO;
				DEBUG_INFORMATION_FORMAT = dwarf;
				ENABLE_STRICT_OBJC_MSGSEND = YES;
				ENABLE_TESTABILITY = YES;
				GCC_C_LANGUAGE_STANDARD = gnu11;
				GCC_DYNAMIC_NO_PIC = NO;
				GCC_NO_COMMON_BLOCKS = YES;
				GCC_OPTIMIZATION_LEVEL = 0;
				GCC_PREPROCESSOR_DEFINITIONS = (
					"DEBUG=1",
					"$(inherited)",
				);
				GCC_WARN_64_TO_32_BIT_CONVERSION = YES;
				GCC_WARN_ABOUT_RETURN_TYPE = YES_ERROR;
				GCC_WARN_UNDECLARED_SELECTOR = YES;
				GCC_WARN_UNINITIALIZED_AUTOS = YES_AGGRESSIVE;
				GCC_WARN_UNUSED_FUNCTION = YES;
				GCC_WARN_UNUSED_VARIABLE = YES;
				IPHONEOS_DEPLOYMENT_TARGET = 15.5;
				MTL_ENABLE_DEBUG_INFO = INCLUDE_SOURCE;
				MTL_FAST_MATH = YES;
				ONLY_ACTIVE_ARCH = YES;
				SDKROOT = iphoneos;
				SWIFT_ACTIVE_COMPILATION_CONDITIONS = DEBUG;
				SWIFT_OPTIMIZATION_LEVEL = "-Onone";
				VALIDATE_PRODUCT = NO;
			};
			name = Debug;
		};
		CC8B50DA287C1064004EE6DB /* Release */ = {
			isa = XCBuildConfiguration;
			buildSettings = {
				CLANG_ANALYZER_NONNULL = YES;
				CLANG_ANALYZER_NUMBER_OBJECT_CONVERSION = YES_AGGRESSIVE;
				CLANG_CXX_LANGUAGE_STANDARD = "gnu++17";
				CLANG_ENABLE_MODULES = YES;
				CLANG_ENABLE_OBJC_ARC = YES;
				CLANG_ENABLE_OBJC_WEAK = YES;
				CLANG_WARN_BLOCK_CAPTURE_AUTORELEASING = YES;
				CLANG_WARN_BOOL_CONVERSION = YES;
				CLANG_WARN_COMMA = YES;
				CLANG_WARN_CONSTANT_CONVERSION = YES;
				CLANG_WARN_DEPRECATED_OBJC_IMPLEMENTATIONS = YES;
				CLANG_WARN_DIRECT_OBJC_ISA_USAGE = YES_ERROR;
				CLANG_WARN_DOCUMENTATION_COMMENTS = YES;
				CLANG_WARN_EMPTY_BODY = YES;
				CLANG_WARN_ENUM_CONVERSION = YES;
				CLANG_WARN_INFINITE_RECURSION = YES;
				CLANG_WARN_INT_CONVERSION = YES;
				CLANG_WARN_NON_LITERAL_NULL_CONVERSION = YES;
				CLANG_WARN_OBJC_IMPLICIT_RETAIN_SELF = YES;
				CLANG_WARN_OBJC_LITERAL_CONVERSION = YES;
				CLANG_WARN_OBJC_ROOT_CLASS = YES_ERROR;
				CLANG_WARN_QUOTED_INCLUDE_IN_FRAMEWORK_HEADER = YES;
				CLANG_WARN_RANGE_LOOP_ANALYSIS = YES;
				CLANG_WARN_STRICT_PROTOTYPES = YES;
				CLANG_WARN_SUSPICIOUS_MOVE = YES;
				CLANG_WARN_UNGUARDED_AVAILABILITY = YES_AGGRESSIVE;
				CLANG_WARN_UNREACHABLE_CODE = YES;
				CLANG_WARN__DUPLICATE_METHOD_MATCH = YES;
				COPY_PHASE_STRIP = NO;
				DEBUG_INFORMATION_FORMAT = "dwarf-with-dsym";
				ENABLE_NS_ASSERTIONS = NO;
				ENABLE_STRICT_OBJC_MSGSEND = YES;
				ENABLE_TESTABILITY = NO;
				GCC_C_LANGUAGE_STANDARD = gnu11;
				GCC_NO_COMMON_BLOCKS = YES;
				GCC_WARN_64_TO_32_BIT_CONVERSION = YES;
				GCC_WARN_ABOUT_RETURN_TYPE = YES_ERROR;
				GCC_WARN_UNDECLARED_SELECTOR = YES;
				GCC_WARN_UNINITIALIZED_AUTOS = YES_AGGRESSIVE;
				GCC_WARN_UNUSED_FUNCTION = YES;
				GCC_WARN_UNUSED_VARIABLE = YES;
				IPHONEOS_DEPLOYMENT_TARGET = 15.5;
				MTL_ENABLE_DEBUG_INFO = NO;
				MTL_FAST_MATH = YES;
				ONLY_ACTIVE_ARCH = YES;
				SDKROOT = iphoneos;
				SWIFT_COMPILATION_MODE = wholemodule;
				SWIFT_OPTIMIZATION_LEVEL = "-O";
				VALIDATE_PRODUCT = YES;
			};
			name = Release;
		};
		CC8B50DC287C1064004EE6DB /* Debug */ = {
			isa = XCBuildConfiguration;
			buildSettings = {
				ASSETCATALOG_COMPILER_APPICON_NAME = AppIcon;
				ASSETCATALOG_COMPILER_GLOBAL_ACCENT_COLOR_NAME = AccentColor;
				CODE_SIGN_STYLE = Automatic;
				CURRENT_PROJECT_VERSION = 1;
				DEVELOPMENT_TEAM = "";
				EXCLUDED_ARCHS = "";
				"EXCLUDED_ARCHS[sdk=iphonesimulator*]" = arm64;
				GENERATE_INFOPLIST_FILE = YES;
				INFOPLIST_FILE = Ninano/Info.plist;
				INFOPLIST_KEY_UIApplicationSupportsIndirectInputEvents = YES;
				INFOPLIST_KEY_UILaunchStoryboardName = LaunchScreen;
				INFOPLIST_KEY_UIMainStoryboardFile = Main;
				INFOPLIST_KEY_UISupportedInterfaceOrientations_iPad = "UIInterfaceOrientationPortrait UIInterfaceOrientationPortraitUpsideDown UIInterfaceOrientationLandscapeLeft UIInterfaceOrientationLandscapeRight";
				INFOPLIST_KEY_UISupportedInterfaceOrientations_iPhone = UIInterfaceOrientationPortrait;
				IPHONEOS_DEPLOYMENT_TARGET = 15.0;
				LD_RUNPATH_SEARCH_PATHS = (
					"$(inherited)",
					"@executable_path/Frameworks",
				);
				MARKETING_VERSION = 1.0;
				PRODUCT_BUNDLE_IDENTIFIER = Rivery.Ninano;
				PRODUCT_NAME = "$(TARGET_NAME)";
				SWIFT_EMIT_LOC_STRINGS = YES;
				SWIFT_VERSION = 5.0;
				TARGETED_DEVICE_FAMILY = "1,2";
			};
			name = Debug;
		};
		CC8B50DD287C1064004EE6DB /* Release */ = {
			isa = XCBuildConfiguration;
			buildSettings = {
				ASSETCATALOG_COMPILER_APPICON_NAME = AppIcon;
				ASSETCATALOG_COMPILER_GLOBAL_ACCENT_COLOR_NAME = AccentColor;
				CODE_SIGN_IDENTITY = "Apple Development";
				CODE_SIGN_STYLE = Automatic;
				CURRENT_PROJECT_VERSION = 1;
				DEVELOPMENT_TEAM = "";
				EXCLUDED_ARCHS = "";
				"EXCLUDED_ARCHS[sdk=iphonesimulator*]" = arm64;
				GENERATE_INFOPLIST_FILE = YES;
				INFOPLIST_FILE = Ninano/Info.plist;
				INFOPLIST_KEY_UIApplicationSupportsIndirectInputEvents = YES;
				INFOPLIST_KEY_UILaunchStoryboardName = LaunchScreen;
				INFOPLIST_KEY_UIMainStoryboardFile = Main;
				INFOPLIST_KEY_UISupportedInterfaceOrientations_iPad = "UIInterfaceOrientationPortrait UIInterfaceOrientationPortraitUpsideDown UIInterfaceOrientationLandscapeLeft UIInterfaceOrientationLandscapeRight";
				INFOPLIST_KEY_UISupportedInterfaceOrientations_iPhone = UIInterfaceOrientationPortrait;
				IPHONEOS_DEPLOYMENT_TARGET = 15.0;
				LD_RUNPATH_SEARCH_PATHS = (
					"$(inherited)",
					"@executable_path/Frameworks",
				);
				MARKETING_VERSION = 1.0;
				PRODUCT_BUNDLE_IDENTIFIER = Rivery.Ninano;
				PRODUCT_NAME = "$(TARGET_NAME)";
				PROVISIONING_PROFILE_SPECIFIER = "";
				SWIFT_EMIT_LOC_STRINGS = YES;
				SWIFT_VERSION = 5.0;
				TARGETED_DEVICE_FAMILY = "1,2";
			};
			name = Release;
		};
/* End XCBuildConfiguration section */

/* Begin XCConfigurationList section */
		CC8B50BF287C1063004EE6DB /* Build configuration list for PBXProject "Ninano" */ = {
			isa = XCConfigurationList;
			buildConfigurations = (
				CC8B50D9287C1064004EE6DB /* Debug */,
				CC8B50DA287C1064004EE6DB /* Release */,
			);
			defaultConfigurationIsVisible = 0;
			defaultConfigurationName = Release;
		};
		CC8B50DB287C1064004EE6DB /* Build configuration list for PBXNativeTarget "Ninano" */ = {
			isa = XCConfigurationList;
			buildConfigurations = (
				CC8B50DC287C1064004EE6DB /* Debug */,
				CC8B50DD287C1064004EE6DB /* Release */,
			);
			defaultConfigurationIsVisible = 0;
			defaultConfigurationName = Release;
		};
/* End XCConfigurationList section */

/* Begin XCVersionGroup section */
		58D6ECCA288E531000AB402F /* NinanoModel.xcdatamodeld */ = {
			isa = XCVersionGroup;
			children = (
				58D6ECCB288E531000AB402F /* NinanoModel.xcdatamodel */,
			);
			currentVersion = 58D6ECCB288E531000AB402F /* NinanoModel.xcdatamodel */;
			path = NinanoModel.xcdatamodeld;
			sourceTree = "<group>";
			versionGroupType = wrapper.xcdatamodel;
		};
		CC8B50D0287C1063004EE6DB /* Ninano.xcdatamodeld */ = {
			isa = XCVersionGroup;
			children = (
				CC8B50D1287C1063004EE6DB /* Ninano.xcdatamodel */,
			);
			currentVersion = CC8B50D1287C1063004EE6DB /* Ninano.xcdatamodel */;
			path = Ninano.xcdatamodeld;
			sourceTree = "<group>";
			versionGroupType = wrapper.xcdatamodel;
		};
/* End XCVersionGroup section */
	};
	rootObject = CC8B50BC287C1063004EE6DB /* Project object */;
}
