{
  "pins" : [
    {
      "identity" : "notificationtoast",
      "kind" : "remoteSourceControl",
      "location" : "https://github.com/PhilippeWeidmann/NotificationToast.git",
      "state" : {
        "revision" : "433aac163050e755fc42b62eb17828bfe9ac49b4",
        "version" : "1.2.1"
      }
    }
  ],
  "version" : 2
}
